
Microsoft Visual Studio Solution File, Format Version 12.00
# Visual Studio Version 17
VisualStudioVersion = 17.10.34928.147
MinimumVisualStudioVersion = 10.0.40219.1
Project("{9A19103F-16F7-4668-BE54-9A1E7A4F7556}") = "ResortManagement.Web", "ResortManagement\ResortManagement.Web.csproj", "{D5D3560C-B782-4157-B277-A4733C1D4D02}"
EndProject
Project("{9A19103F-16F7-4668-BE54-9A1E7A4F7556}") = "ResortManagement.Domain", "ResortManagement.Domain\ResortManagement.Domain.csproj", "{47D64536-0E95-4B20-AB22-99E74F923DB0}"
EndProject
Project("{9A19103F-16F7-4668-BE54-9A1E7A4F7556}") = "ResortManagement.Application", "ResortManagement.Application\ResortManagement.Application.csproj", "{F01660A7-60F4-4446-857E-9C844C7948C7}"
EndProject
Project("{FAE04EC0-301F-11D3-BF4B-00C04F79EFBC}") = "ResortManagement.Infrastructure", "ResortManagement.Infrastructure\ResortManagement.Infrastructure.csproj", "{74D5B5D7-5F47-4AF8-A0F8-879A1E46AC61}"
EndProject
Global
	GlobalSection(SolutionConfigurationPlatforms) = preSolution
		Debug|Any CPU = Debug|Any CPU
		Release|Any CPU = Release|Any CPU
	EndGlobalSection
	GlobalSection(ProjectConfigurationPlatforms) = postSolution
		{D5D3560C-B782-4157-B277-A4733C1D4D02}.Debug|Any CPU.ActiveCfg = Debug|Any CPU
		{D5D3560C-B782-4157-B277-A4733C1D4D02}.Debug|Any CPU.Build.0 = Debug|Any CPU
		{D5D3560C-B782-4157-B277-A4733C1D4D02}.Release|Any CPU.ActiveCfg = Release|Any CPU
		{D5D3560C-B782-4157-B277-A4733C1D4D02}.Release|Any CPU.Build.0 = Release|Any CPU
		{47D64536-0E95-4B20-AB22-99E74F923DB0}.Debug|Any CPU.ActiveCfg = Debug|Any CPU
		{47D64536-0E95-4B20-AB22-99E74F923DB0}.Debug|Any CPU.Build.0 = Debug|Any CPU
		{47D64536-0E95-4B20-AB22-99E74F923DB0}.Release|Any CPU.ActiveCfg = Release|Any CPU
		{47D64536-0E95-4B20-AB22-99E74F923DB0}.Release|Any CPU.Build.0 = Release|Any CPU
		{F01660A7-60F4-4446-857E-9C844C7948C7}.Debug|Any CPU.ActiveCfg = Debug|Any CPU
		{F01660A7-60F4-4446-857E-9C844C7948C7}.Debug|Any CPU.Build.0 = Debug|Any CPU
		{F01660A7-60F4-4446-857E-9C844C7948C7}.Release|Any CPU.ActiveCfg = Release|Any CPU
		{F01660A7-60F4-4446-857E-9C844C7948C7}.Release|Any CPU.Build.0 = Release|Any CPU
		{74D5B5D7-5F47-4AF8-A0F8-879A1E46AC61}.Debug|Any CPU.ActiveCfg = Debug|Any CPU
		{74D5B5D7-5F47-4AF8-A0F8-879A1E46AC61}.Debug|Any CPU.Build.0 = Debug|Any CPU
		{74D5B5D7-5F47-4AF8-A0F8-879A1E46AC61}.Release|Any CPU.ActiveCfg = Release|Any CPU
		{74D5B5D7-5F47-4AF8-A0F8-879A1E46AC61}.Release|Any CPU.Build.0 = Release|Any CPU
	EndGlobalSection
	GlobalSection(SolutionProperties) = preSolution
		HideSolutionNode = FALSE
	EndGlobalSection
	GlobalSection(ExtensibilityGlobals) = postSolution
		SolutionGuid = {2A6CC30B-3A2E-48EA-BDF5-66748FEB9FD0}
	EndGlobalSection
EndGlobal
